// !$*UTF8*$!
{
	archiveVersion = 1;
	classes = {
	};
	objectVersion = 46;
	objects = {

/* Begin PBXAggregateTarget section */
		A321BF17143DAD41008EF3A2 /* GenDocs */ = {
			isa = PBXAggregateTarget;
			buildConfigurationList = A321BF18143DAD41008EF3A2 /* Build configuration list for PBXAggregateTarget "GenDocs" */;
			buildPhases = (
				A321BF1B143DAD8A008EF3A2 /* ShellScript */,
			);
			dependencies = (
			);
			name = GenDocs;
			productName = GenDocs;
		};
/* End PBXAggregateTarget section */

/* Begin PBXBuildFile section */
		7D67AF9715EB9C790015BFB4 /* LLPTPopoverContentViewController.m in Sources */ = {isa = PBXBuildFile; fileRef = 7D67AF9515EB9C790015BFB4 /* LLPTPopoverContentViewController.m */; };
		7D67AF9815EB9C790015BFB4 /* LLPTPopoverContentViewController.xib in Resources */ = {isa = PBXBuildFile; fileRef = 7D67AF9615EB9C790015BFB4 /* LLPTPopoverContentViewController.xib */; };
		7DCDB39415EB96E30050E9D5 /* UIKit.framework in Frameworks */ = {isa = PBXBuildFile; fileRef = A362B62A14385A6200BD45EE /* UIKit.framework */; };
		7DCDB39515EB96E30050E9D5 /* Foundation.framework in Frameworks */ = {isa = PBXBuildFile; fileRef = A3F918A714385900006D7F26 /* Foundation.framework */; };
		7DCDB39715EB96E30050E9D5 /* CoreGraphics.framework in Frameworks */ = {isa = PBXBuildFile; fileRef = 7DCDB39615EB96E30050E9D5 /* CoreGraphics.framework */; };
		7DCDB39D15EB96E30050E9D5 /* InfoPlist.strings in Resources */ = {isa = PBXBuildFile; fileRef = 7DCDB39B15EB96E30050E9D5 /* InfoPlist.strings */; };
		7DCDB39F15EB96E30050E9D5 /* main.m in Sources */ = {isa = PBXBuildFile; fileRef = 7DCDB39E15EB96E30050E9D5 /* main.m */; };
		7DCDB3A315EB96E30050E9D5 /* LLPTAppDelegate.m in Sources */ = {isa = PBXBuildFile; fileRef = 7DCDB3A215EB96E30050E9D5 /* LLPTAppDelegate.m */; };
		7DCDB3A615EB96E30050E9D5 /* LLPTViewController.m in Sources */ = {isa = PBXBuildFile; fileRef = 7DCDB3A515EB96E30050E9D5 /* LLPTViewController.m */; };
		7DCDB3AC15EB96E30050E9D5 /* LLPTViewController.xib in Resources */ = {isa = PBXBuildFile; fileRef = 7DCDB3AA15EB96E30050E9D5 /* LLPTViewController.xib */; };
		7DCDB3B315EB971F0050E9D5 /* libLLPopover.a in Frameworks */ = {isa = PBXBuildFile; fileRef = A3F918A414385900006D7F26 /* libLLPopover.a */; };
		A362B60A143859B300BD45EE /* Prefix.pch in Headers */ = {isa = PBXBuildFile; fileRef = A362B609143859B300BD45EE /* Prefix.pch */; };
		A362B61C14385A0100BD45EE /* LLPopover.h in Headers */ = {isa = PBXBuildFile; fileRef = A362B61114385A0100BD45EE /* LLPopover.h */; settings = {ATTRIBUTES = (Public, ); }; };
		A362B61D14385A0100BD45EE /* LLPopover.m in Sources */ = {isa = PBXBuildFile; fileRef = A362B61214385A0100BD45EE /* LLPopover.m */; };
		A362B62014385A0100BD45EE /* LLPopoverLayout.h in Headers */ = {isa = PBXBuildFile; fileRef = A362B61514385A0100BD45EE /* LLPopoverLayout.h */; settings = {ATTRIBUTES = (Public, ); }; };
		A362B62114385A0100BD45EE /* LLPopoverLayout.m in Sources */ = {isa = PBXBuildFile; fileRef = A362B61614385A0100BD45EE /* LLPopoverLayout.m */; };
		A362B62414385A0100BD45EE /* LLPopoverView.h in Headers */ = {isa = PBXBuildFile; fileRef = A362B61914385A0100BD45EE /* LLPopoverView.h */; settings = {ATTRIBUTES = (); }; };
		A362B62514385A0100BD45EE /* LLPopoverView.m in Sources */ = {isa = PBXBuildFile; fileRef = A362B61A14385A0100BD45EE /* LLPopoverView.m */; };
		A362B62B14385A6200BD45EE /* UIKit.framework in Frameworks */ = {isa = PBXBuildFile; fileRef = A362B62A14385A6200BD45EE /* UIKit.framework */; };
		A362B62E14385ABA00BD45EE /* LLUtils.m in Sources */ = {isa = PBXBuildFile; fileRef = A362B62C14385ABA00BD45EE /* LLUtils.m */; };
		A362B62F14385ABA00BD45EE /* LLUtils.h in Headers */ = {isa = PBXBuildFile; fileRef = A362B62D14385ABA00BD45EE /* LLUtils.h */; };
		A362B63214385B0300BD45EE /* LLStatusBarStatus.m in Sources */ = {isa = PBXBuildFile; fileRef = A362B63014385B0300BD45EE /* LLStatusBarStatus.m */; };
		A362B63314385B0300BD45EE /* LLStatusBarStatus.h in Headers */ = {isa = PBXBuildFile; fileRef = A362B63114385B0300BD45EE /* LLStatusBarStatus.h */; };
		A362B63514385B1500BD45EE /* QuartzCore.framework in Frameworks */ = {isa = PBXBuildFile; fileRef = A362B63414385B1400BD45EE /* QuartzCore.framework */; };
		A3DA5DF71439BE6900CA2776 /* LLDimmingView.h in Headers */ = {isa = PBXBuildFile; fileRef = A3DA5DF41439BE6900CA2776 /* LLDimmingView.h */; settings = {ATTRIBUTES = (Public, ); }; };
		A3DA5DF81439BE6900CA2776 /* LLDimmingView.m in Sources */ = {isa = PBXBuildFile; fileRef = A3DA5DF51439BE6900CA2776 /* LLDimmingView.m */; };
		A3F918A814385900006D7F26 /* Foundation.framework in Frameworks */ = {isa = PBXBuildFile; fileRef = A3F918A714385900006D7F26 /* Foundation.framework */; };
/* End PBXBuildFile section */

/* Begin PBXContainerItemProxy section */
		7DCDB3B115EB971A0050E9D5 /* PBXContainerItemProxy */ = {
			isa = PBXContainerItemProxy;
			containerPortal = A3F9189B14385900006D7F26 /* Project object */;
			proxyType = 1;
			remoteGlobalIDString = A3F918A314385900006D7F26;
			remoteInfo = LLPopover;
		};
/* End PBXContainerItemProxy section */

/* Begin PBXFileReference section */
		7D67AF9415EB9C790015BFB4 /* LLPTPopoverContentViewController.h */ = {isa = PBXFileReference; fileEncoding = 4; lastKnownFileType = sourcecode.c.h; path = LLPTPopoverContentViewController.h; sourceTree = "<group>"; };
		7D67AF9515EB9C790015BFB4 /* LLPTPopoverContentViewController.m */ = {isa = PBXFileReference; fileEncoding = 4; lastKnownFileType = sourcecode.c.objc; path = LLPTPopoverContentViewController.m; sourceTree = "<group>"; };
		7D67AF9615EB9C790015BFB4 /* LLPTPopoverContentViewController.xib */ = {isa = PBXFileReference; fileEncoding = 4; lastKnownFileType = file.xib; path = LLPTPopoverContentViewController.xib; sourceTree = "<group>"; };
		7DCDB39215EB96E30050E9D5 /* LLPopoverTest.app */ = {isa = PBXFileReference; explicitFileType = wrapper.application; includeInIndex = 0; path = LLPopoverTest.app; sourceTree = BUILT_PRODUCTS_DIR; };
		7DCDB39615EB96E30050E9D5 /* CoreGraphics.framework */ = {isa = PBXFileReference; lastKnownFileType = wrapper.framework; name = CoreGraphics.framework; path = System/Library/Frameworks/CoreGraphics.framework; sourceTree = SDKROOT; };
		7DCDB39A15EB96E30050E9D5 /* LLPopoverTest-Info.plist */ = {isa = PBXFileReference; lastKnownFileType = text.plist.xml; path = "LLPopoverTest-Info.plist"; sourceTree = "<group>"; };
		7DCDB39C15EB96E30050E9D5 /* en */ = {isa = PBXFileReference; lastKnownFileType = text.plist.strings; name = en; path = en.lproj/InfoPlist.strings; sourceTree = "<group>"; };
		7DCDB39E15EB96E30050E9D5 /* main.m */ = {isa = PBXFileReference; lastKnownFileType = sourcecode.c.objc; path = main.m; sourceTree = "<group>"; };
		7DCDB3A015EB96E30050E9D5 /* LLPopoverTest-Prefix.pch */ = {isa = PBXFileReference; lastKnownFileType = sourcecode.c.h; path = "LLPopoverTest-Prefix.pch"; sourceTree = "<group>"; };
		7DCDB3A115EB96E30050E9D5 /* LLPTAppDelegate.h */ = {isa = PBXFileReference; lastKnownFileType = sourcecode.c.h; path = LLPTAppDelegate.h; sourceTree = "<group>"; };
		7DCDB3A215EB96E30050E9D5 /* LLPTAppDelegate.m */ = {isa = PBXFileReference; lastKnownFileType = sourcecode.c.objc; path = LLPTAppDelegate.m; sourceTree = "<group>"; };
		7DCDB3A415EB96E30050E9D5 /* LLPTViewController.h */ = {isa = PBXFileReference; lastKnownFileType = sourcecode.c.h; path = LLPTViewController.h; sourceTree = "<group>"; };
		7DCDB3A515EB96E30050E9D5 /* LLPTViewController.m */ = {isa = PBXFileReference; lastKnownFileType = sourcecode.c.objc; path = LLPTViewController.m; sourceTree = "<group>"; };
		7DCDB3AB15EB96E30050E9D5 /* en */ = {isa = PBXFileReference; lastKnownFileType = file.xib; name = en; path = en.lproj/LLPTViewController.xib; sourceTree = "<group>"; };
		7DF42FA615EB93550012CA04 /* LICENSE */ = {isa = PBXFileReference; lastKnownFileType = text; path = LICENSE; sourceTree = "<group>"; wrapsLines = 1; };
		7DF42FA715EB93550012CA04 /* README */ = {isa = PBXFileReference; lastKnownFileType = text; path = README; sourceTree = "<group>"; wrapsLines = 1; };
		A362B609143859B300BD45EE /* Prefix.pch */ = {isa = PBXFileReference; fileEncoding = 4; lastKnownFileType = sourcecode.c.h; path = Prefix.pch; sourceTree = SOURCE_ROOT; };
		A362B61114385A0100BD45EE /* LLPopover.h */ = {isa = PBXFileReference; fileEncoding = 4; lastKnownFileType = sourcecode.c.h; path = LLPopover.h; sourceTree = "<group>"; };
		A362B61214385A0100BD45EE /* LLPopover.m */ = {isa = PBXFileReference; fileEncoding = 4; lastKnownFileType = sourcecode.c.objc; path = LLPopover.m; sourceTree = "<group>"; };
		A362B61514385A0100BD45EE /* LLPopoverLayout.h */ = {isa = PBXFileReference; fileEncoding = 4; lastKnownFileType = sourcecode.c.h; path = LLPopoverLayout.h; sourceTree = "<group>"; };
		A362B61614385A0100BD45EE /* LLPopoverLayout.m */ = {isa = PBXFileReference; fileEncoding = 4; lastKnownFileType = sourcecode.c.objc; path = LLPopoverLayout.m; sourceTree = "<group>"; };
		A362B61914385A0100BD45EE /* LLPopoverView.h */ = {isa = PBXFileReference; fileEncoding = 4; lastKnownFileType = sourcecode.c.h; path = LLPopoverView.h; sourceTree = "<group>"; };
		A362B61A14385A0100BD45EE /* LLPopoverView.m */ = {isa = PBXFileReference; fileEncoding = 4; lastKnownFileType = sourcecode.c.objc; path = LLPopoverView.m; sourceTree = "<group>"; };
		A362B62A14385A6200BD45EE /* UIKit.framework */ = {isa = PBXFileReference; lastKnownFileType = wrapper.framework; name = UIKit.framework; path = System/Library/Frameworks/UIKit.framework; sourceTree = SDKROOT; };
		A362B62C14385ABA00BD45EE /* LLUtils.m */ = {isa = PBXFileReference; fileEncoding = 4; lastKnownFileType = sourcecode.c.objc; path = LLUtils.m; sourceTree = "<group>"; };
		A362B62D14385ABA00BD45EE /* LLUtils.h */ = {isa = PBXFileReference; fileEncoding = 4; lastKnownFileType = sourcecode.c.h; path = LLUtils.h; sourceTree = "<group>"; };
		A362B63014385B0300BD45EE /* LLStatusBarStatus.m */ = {isa = PBXFileReference; fileEncoding = 4; lastKnownFileType = sourcecode.c.objc; path = LLStatusBarStatus.m; sourceTree = "<group>"; };
		A362B63114385B0300BD45EE /* LLStatusBarStatus.h */ = {isa = PBXFileReference; fileEncoding = 4; lastKnownFileType = sourcecode.c.h; path = LLStatusBarStatus.h; sourceTree = "<group>"; };
		A362B63414385B1400BD45EE /* QuartzCore.framework */ = {isa = PBXFileReference; lastKnownFileType = wrapper.framework; name = QuartzCore.framework; path = System/Library/Frameworks/QuartzCore.framework; sourceTree = SDKROOT; };
		A3DA5DF41439BE6900CA2776 /* LLDimmingView.h */ = {isa = PBXFileReference; fileEncoding = 4; lastKnownFileType = sourcecode.c.h; path = LLDimmingView.h; sourceTree = "<group>"; };
		A3DA5DF51439BE6900CA2776 /* LLDimmingView.m */ = {isa = PBXFileReference; fileEncoding = 4; lastKnownFileType = sourcecode.c.objc; path = LLDimmingView.m; sourceTree = "<group>"; };
		A3F918A414385900006D7F26 /* libLLPopover.a */ = {isa = PBXFileReference; explicitFileType = archive.ar; includeInIndex = 0; path = libLLPopover.a; sourceTree = BUILT_PRODUCTS_DIR; };
		A3F918A714385900006D7F26 /* Foundation.framework */ = {isa = PBXFileReference; lastKnownFileType = wrapper.framework; name = Foundation.framework; path = System/Library/Frameworks/Foundation.framework; sourceTree = SDKROOT; };
/* End PBXFileReference section */

/* Begin PBXFrameworksBuildPhase section */
		7DCDB38F15EB96E30050E9D5 /* Frameworks */ = {
			isa = PBXFrameworksBuildPhase;
			buildActionMask = 2147483647;
			files = (
				7DCDB3B315EB971F0050E9D5 /* libLLPopover.a in Frameworks */,
				7DCDB39415EB96E30050E9D5 /* UIKit.framework in Frameworks */,
				7DCDB39515EB96E30050E9D5 /* Foundation.framework in Frameworks */,
				7DCDB39715EB96E30050E9D5 /* CoreGraphics.framework in Frameworks */,
			);
			runOnlyForDeploymentPostprocessing = 0;
		};
		A3F918A114385900006D7F26 /* Frameworks */ = {
			isa = PBXFrameworksBuildPhase;
			buildActionMask = 2147483647;
			files = (
				A362B63514385B1500BD45EE /* QuartzCore.framework in Frameworks */,
				A362B62B14385A6200BD45EE /* UIKit.framework in Frameworks */,
				A3F918A814385900006D7F26 /* Foundation.framework in Frameworks */,
			);
			runOnlyForDeploymentPostprocessing = 0;
		};
/* End PBXFrameworksBuildPhase section */

/* Begin PBXGroup section */
		7DCDB39815EB96E30050E9D5 /* LLPopoverTest */ = {
			isa = PBXGroup;
			children = (
				7DCDB3A115EB96E30050E9D5 /* LLPTAppDelegate.h */,
				7DCDB3A215EB96E30050E9D5 /* LLPTAppDelegate.m */,
				7DCDB3A415EB96E30050E9D5 /* LLPTViewController.h */,
				7DCDB3A515EB96E30050E9D5 /* LLPTViewController.m */,
				7DCDB3AA15EB96E30050E9D5 /* LLPTViewController.xib */,
				7D67AF9415EB9C790015BFB4 /* LLPTPopoverContentViewController.h */,
				7D67AF9515EB9C790015BFB4 /* LLPTPopoverContentViewController.m */,
				7D67AF9615EB9C790015BFB4 /* LLPTPopoverContentViewController.xib */,
				7DCDB39915EB96E30050E9D5 /* Supporting Files */,
			);
			path = LLPopoverTest;
			sourceTree = "<group>";
		};
		7DCDB39915EB96E30050E9D5 /* Supporting Files */ = {
			isa = PBXGroup;
			children = (
				7DCDB39A15EB96E30050E9D5 /* LLPopoverTest-Info.plist */,
				7DCDB39B15EB96E30050E9D5 /* InfoPlist.strings */,
				7DCDB39E15EB96E30050E9D5 /* main.m */,
				7DCDB3A015EB96E30050E9D5 /* LLPopoverTest-Prefix.pch */,
			);
			name = "Supporting Files";
			sourceTree = "<group>";
		};
		A362B60F14385A0100BD45EE /* Sources */ = {
			isa = PBXGroup;
			children = (
				A362B62D14385ABA00BD45EE /* LLUtils.h */,
				A362B62C14385ABA00BD45EE /* LLUtils.m */,
				A362B63114385B0300BD45EE /* LLStatusBarStatus.h */,
				A362B63014385B0300BD45EE /* LLStatusBarStatus.m */,
				A362B61114385A0100BD45EE /* LLPopover.h */,
				A362B61214385A0100BD45EE /* LLPopover.m */,
				A362B61514385A0100BD45EE /* LLPopoverLayout.h */,
				A362B61614385A0100BD45EE /* LLPopoverLayout.m */,
				A362B61914385A0100BD45EE /* LLPopoverView.h */,
				A362B61A14385A0100BD45EE /* LLPopoverView.m */,
			);
			path = Sources;
			sourceTree = SOURCE_ROOT;
		};
		A3DA5DB51439BA6500CA2776 /* Libs */ = {
			isa = PBXGroup;
			children = (
				A3DA5DD11439BE6900CA2776 /* LLDimmingView */,
			);
			path = Libs;
			sourceTree = SOURCE_ROOT;
		};
		A3DA5DD11439BE6900CA2776 /* LLDimmingView */ = {
			isa = PBXGroup;
			children = (
				A3DA5DF41439BE6900CA2776 /* LLDimmingView.h */,
				A3DA5DF51439BE6900CA2776 /* LLDimmingView.m */,
			);
			path = LLDimmingView;
			sourceTree = "<group>";
		};
		A3F9189914385900006D7F26 = {
			isa = PBXGroup;
			children = (
				7DF42FA715EB93550012CA04 /* README */,
				7DF42FA615EB93550012CA04 /* LICENSE */,
				A3F918A914385900006D7F26 /* LLPopover */,
				7DCDB39815EB96E30050E9D5 /* LLPopoverTest */,
				A3F918A614385900006D7F26 /* Frameworks */,
				A3F918A514385900006D7F26 /* Products */,
			);
			sourceTree = "<group>";
		};
		A3F918A514385900006D7F26 /* Products */ = {
			isa = PBXGroup;
			children = (
				A3F918A414385900006D7F26 /* libLLPopover.a */,
				7DCDB39215EB96E30050E9D5 /* LLPopoverTest.app */,
			);
			name = Products;
			sourceTree = "<group>";
		};
		A3F918A614385900006D7F26 /* Frameworks */ = {
			isa = PBXGroup;
			children = (
				A362B63414385B1400BD45EE /* QuartzCore.framework */,
				A362B62A14385A6200BD45EE /* UIKit.framework */,
				A3F918A714385900006D7F26 /* Foundation.framework */,
				7DCDB39615EB96E30050E9D5 /* CoreGraphics.framework */,
			);
			name = Frameworks;
			sourceTree = "<group>";
		};
		A3F918A914385900006D7F26 /* LLPopover */ = {
			isa = PBXGroup;
			children = (
				A3DA5DB51439BA6500CA2776 /* Libs */,
				A362B60F14385A0100BD45EE /* Sources */,
				A3F918AA14385900006D7F26 /* Supporting Files */,
			);
			path = LLPopover;
			sourceTree = "<group>";
		};
		A3F918AA14385900006D7F26 /* Supporting Files */ = {
			isa = PBXGroup;
			children = (
				A362B609143859B300BD45EE /* Prefix.pch */,
			);
			name = "Supporting Files";
			sourceTree = "<group>";
		};
/* End PBXGroup section */

/* Begin PBXHeadersBuildPhase section */
		A3F918A214385900006D7F26 /* Headers */ = {
			isa = PBXHeadersBuildPhase;
			buildActionMask = 2147483647;
			files = (
				A362B60A143859B300BD45EE /* Prefix.pch in Headers */,
				A362B61C14385A0100BD45EE /* LLPopover.h in Headers */,
				A362B62014385A0100BD45EE /* LLPopoverLayout.h in Headers */,
				A362B62414385A0100BD45EE /* LLPopoverView.h in Headers */,
				A362B62F14385ABA00BD45EE /* LLUtils.h in Headers */,
				A362B63314385B0300BD45EE /* LLStatusBarStatus.h in Headers */,
				A3DA5DF71439BE6900CA2776 /* LLDimmingView.h in Headers */,
			);
			runOnlyForDeploymentPostprocessing = 0;
		};
/* End PBXHeadersBuildPhase section */

/* Begin PBXNativeTarget section */
		7DCDB39115EB96E30050E9D5 /* LLPopoverTest */ = {
			isa = PBXNativeTarget;
			buildConfigurationList = 7DCDB3AF15EB96E30050E9D5 /* Build configuration list for PBXNativeTarget "LLPopoverTest" */;
			buildPhases = (
				7DCDB38E15EB96E30050E9D5 /* Sources */,
				7DCDB38F15EB96E30050E9D5 /* Frameworks */,
				7DCDB39015EB96E30050E9D5 /* Resources */,
			);
			buildRules = (
			);
			dependencies = (
				7DCDB3B215EB971A0050E9D5 /* PBXTargetDependency */,
			);
			name = LLPopoverTest;
			productName = LLPopoverTest;
			productReference = 7DCDB39215EB96E30050E9D5 /* LLPopoverTest.app */;
			productType = "com.apple.product-type.application";
		};
		A3F918A314385900006D7F26 /* LLPopover */ = {
			isa = PBXNativeTarget;
			buildConfigurationList = A3F918B114385900006D7F26 /* Build configuration list for PBXNativeTarget "LLPopover" */;
			buildPhases = (
				A3F918A014385900006D7F26 /* Sources */,
				A3F918A114385900006D7F26 /* Frameworks */,
				A3F918A214385900006D7F26 /* Headers */,
			);
			buildRules = (
			);
			dependencies = (
			);
			name = LLPopover;
			productName = LLPopover;
			productReference = A3F918A414385900006D7F26 /* libLLPopover.a */;
			productType = "com.apple.product-type.library.static";
		};
/* End PBXNativeTarget section */

/* Begin PBXProject section */
		A3F9189B14385900006D7F26 /* Project object */ = {
			isa = PBXProject;
			attributes = {
				LastUpgradeCheck = 0450;
				ORGANIZATIONNAME = "Things Made Out Of Other Things";
			};
			buildConfigurationList = A3F9189E14385900006D7F26 /* Build configuration list for PBXProject "LLPopover" */;
			compatibilityVersion = "Xcode 3.2";
			developmentRegion = English;
			hasScannedForEncodings = 0;
			knownRegions = (
				en,
			);
			mainGroup = A3F9189914385900006D7F26;
			productRefGroup = A3F918A514385900006D7F26 /* Products */;
			projectDirPath = "";
			projectRoot = "";
			targets = (
				A3F918A314385900006D7F26 /* LLPopover */,
				7DCDB39115EB96E30050E9D5 /* LLPopoverTest */,
				A321BF17143DAD41008EF3A2 /* GenDocs */,
			);
		};
/* End PBXProject section */

/* Begin PBXResourcesBuildPhase section */
		7DCDB39015EB96E30050E9D5 /* Resources */ = {
			isa = PBXResourcesBuildPhase;
			buildActionMask = 2147483647;
			files = (
				7DCDB39D15EB96E30050E9D5 /* InfoPlist.strings in Resources */,
				7DCDB3AC15EB96E30050E9D5 /* LLPTViewController.xib in Resources */,
				7D67AF9815EB9C790015BFB4 /* LLPTPopoverContentViewController.xib in Resources */,
			);
			runOnlyForDeploymentPostprocessing = 0;
		};
/* End PBXResourcesBuildPhase section */

/* Begin PBXShellScriptBuildPhase section */
		A321BF1B143DAD8A008EF3A2 /* ShellScript */ = {
			isa = PBXShellScriptBuildPhase;
			buildActionMask = 2147483647;
			files = (
			);
			inputPaths = (
			);
			outputPaths = (
			);
			runOnlyForDeploymentPostprocessing = 0;
			shellPath = /bin/sh;
			shellScript = "mkdir -p Docs/html/\nrm -rf Docs/html/*\nappledoc --project-name $PROJECT_NAME --output Docs/ .\ncp -a ~/Library/Developer/Shared/Documentation/DocSets/com.libluc.$PROJECT_NAME.docset Docs\ncp -a Docs/com.libluc.$PROJECT_NAME.docset/Contents/Resources/Documents/ Docs/html\nrm Docs/docset-installed.txt";
		};
/* End PBXShellScriptBuildPhase section */

/* Begin PBXSourcesBuildPhase section */
		7DCDB38E15EB96E30050E9D5 /* Sources */ = {
			isa = PBXSourcesBuildPhase;
			buildActionMask = 2147483647;
			files = (
				7DCDB39F15EB96E30050E9D5 /* main.m in Sources */,
				7DCDB3A315EB96E30050E9D5 /* LLPTAppDelegate.m in Sources */,
				7DCDB3A615EB96E30050E9D5 /* LLPTViewController.m in Sources */,
				7D67AF9715EB9C790015BFB4 /* LLPTPopoverContentViewController.m in Sources */,
			);
			runOnlyForDeploymentPostprocessing = 0;
		};
		A3F918A014385900006D7F26 /* Sources */ = {
			isa = PBXSourcesBuildPhase;
			buildActionMask = 2147483647;
			files = (
				A362B61D14385A0100BD45EE /* LLPopover.m in Sources */,
				A362B62114385A0100BD45EE /* LLPopoverLayout.m in Sources */,
				A362B62514385A0100BD45EE /* LLPopoverView.m in Sources */,
				A362B62E14385ABA00BD45EE /* LLUtils.m in Sources */,
				A362B63214385B0300BD45EE /* LLStatusBarStatus.m in Sources */,
				A3DA5DF81439BE6900CA2776 /* LLDimmingView.m in Sources */,
			);
			runOnlyForDeploymentPostprocessing = 0;
		};
/* End PBXSourcesBuildPhase section */

/* Begin PBXTargetDependency section */
		7DCDB3B215EB971A0050E9D5 /* PBXTargetDependency */ = {
			isa = PBXTargetDependency;
			target = A3F918A314385900006D7F26 /* LLPopover */;
			targetProxy = 7DCDB3B115EB971A0050E9D5 /* PBXContainerItemProxy */;
		};
/* End PBXTargetDependency section */

/* Begin PBXVariantGroup section */
		7DCDB39B15EB96E30050E9D5 /* InfoPlist.strings */ = {
			isa = PBXVariantGroup;
			children = (
				7DCDB39C15EB96E30050E9D5 /* en */,
			);
			name = InfoPlist.strings;
			sourceTree = "<group>";
		};
		7DCDB3AA15EB96E30050E9D5 /* LLPTViewController.xib */ = {
			isa = PBXVariantGroup;
			children = (
				7DCDB3AB15EB96E30050E9D5 /* en */,
			);
			name = LLPTViewController.xib;
			sourceTree = "<group>";
		};
/* End PBXVariantGroup section */

/* Begin XCBuildConfiguration section */
		7DCDB3AD15EB96E30050E9D5 /* Debug */ = {
			isa = XCBuildConfiguration;
			buildSettings = {
				CLANG_CXX_LANGUAGE_STANDARD = "gnu++0x";
				CLANG_CXX_LIBRARY = "libc++";
				CLANG_ENABLE_OBJC_ARC = YES;
				CLANG_WARN__DUPLICATE_METHOD_MATCH = YES;
				"CODE_SIGN_IDENTITY[sdk=iphoneos*]" = "iPhone Developer";
				GCC_PRECOMPILE_PREFIX_HEADER = YES;
				GCC_PREFIX_HEADER = "LLPopoverTest/LLPopoverTest-Prefix.pch";
				GCC_WARN_UNINITIALIZED_AUTOS = YES;
				HEADER_SEARCH_PATHS = (
					"\"$(TARGET_BUILD_DIR)/usr/local/lib/include\"",
					"\"$(OBJROOT)/UninstalledProducts/include\"",
				);
				INFOPLIST_FILE = "LLPopoverTest/LLPopoverTest-Info.plist";
				OTHER_LDFLAGS = "-ObjC";
				PRODUCT_NAME = "$(TARGET_NAME)";
				TARGETED_DEVICE_FAMILY = "1,2";
				WRAPPER_EXTENSION = app;
			};
			name = Debug;
		};
		7DCDB3AE15EB96E30050E9D5 /* Release */ = {
			isa = XCBuildConfiguration;
			buildSettings = {
				CLANG_CXX_LANGUAGE_STANDARD = "gnu++0x";
				CLANG_CXX_LIBRARY = "libc++";
				CLANG_ENABLE_OBJC_ARC = YES;
				CLANG_WARN__DUPLICATE_METHOD_MATCH = YES;
				"CODE_SIGN_IDENTITY[sdk=iphoneos*]" = "iPhone Developer";
				GCC_PRECOMPILE_PREFIX_HEADER = YES;
				GCC_PREFIX_HEADER = "LLPopoverTest/LLPopoverTest-Prefix.pch";
				GCC_WARN_UNINITIALIZED_AUTOS = YES;
				HEADER_SEARCH_PATHS = (
					"\"$(TARGET_BUILD_DIR)/usr/local/lib/include\"",
					"\"$(OBJROOT)/UninstalledProducts/include\"",
				);
				INFOPLIST_FILE = "LLPopoverTest/LLPopoverTest-Info.plist";
				OTHER_CFLAGS = "-DNS_BLOCK_ASSERTIONS=1";
				OTHER_LDFLAGS = "-ObjC";
				PRODUCT_NAME = "$(TARGET_NAME)";
				TARGETED_DEVICE_FAMILY = "1,2";
				WRAPPER_EXTENSION = app;
			};
			name = Release;
		};
		A321BF19143DAD41008EF3A2 /* Debug */ = {
			isa = XCBuildConfiguration;
			buildSettings = {
				PRODUCT_NAME = "$(TARGET_NAME)";
			};
			name = Debug;
		};
		A321BF1A143DAD41008EF3A2 /* Release */ = {
			isa = XCBuildConfiguration;
			buildSettings = {
				PRODUCT_NAME = "$(TARGET_NAME)";
			};
			name = Release;
		};
		A3F918AF14385900006D7F26 /* Debug */ = {
			isa = XCBuildConfiguration;
			buildSettings = {
				ALWAYS_SEARCH_USER_PATHS = NO;
				ARCHS = "$(ARCHS_STANDARD_32_BIT)";
				COPY_PHASE_STRIP = NO;
				GCC_C_LANGUAGE_STANDARD = gnu99;
				GCC_DYNAMIC_NO_PIC = NO;
				GCC_OPTIMIZATION_LEVEL = 0;
				GCC_PREPROCESSOR_DEFINITIONS = (
					"DEBUG=1",
					"$(inherited)",
				);
				GCC_SYMBOLS_PRIVATE_EXTERN = NO;
				GCC_VERSION = com.apple.compilers.llvm.clang.1_0;
				GCC_WARN_ABOUT_MISSING_PROTOTYPES = YES;
				GCC_WARN_ABOUT_RETURN_TYPE = YES;
				GCC_WARN_UNUSED_VARIABLE = YES;
				IPHONEOS_DEPLOYMENT_TARGET = 6.0;
				SDKROOT = iphoneos;
				SKIP_INSTALL = YES;
			};
			name = Debug;
		};
		A3F918B014385900006D7F26 /* Release */ = {
			isa = XCBuildConfiguration;
			buildSettings = {
				ALWAYS_SEARCH_USER_PATHS = NO;
				ARCHS = "$(ARCHS_STANDARD_32_BIT)";
				COPY_PHASE_STRIP = YES;
				GCC_C_LANGUAGE_STANDARD = gnu99;
				GCC_VERSION = com.apple.compilers.llvm.clang.1_0;
				GCC_WARN_ABOUT_MISSING_PROTOTYPES = YES;
				GCC_WARN_ABOUT_RETURN_TYPE = YES;
				GCC_WARN_UNUSED_VARIABLE = YES;
				IPHONEOS_DEPLOYMENT_TARGET = 6.0;
				SDKROOT = iphoneos;
				SKIP_INSTALL = YES;
				VALIDATE_PRODUCT = YES;
			};
			name = Release;
		};
		A3F918B214385900006D7F26 /* Debug */ = {
			isa = XCBuildConfiguration;
			buildSettings = {
				CLANG_ENABLE_OBJC_ARC = YES;
				DSTROOT = /tmp/LLPopover.dst;
				GCC_PRECOMPILE_PREFIX_HEADER = YES;
				GCC_PREFIX_HEADER = Prefix.pch;
				OTHER_LDFLAGS = "-ObjC";
				PRODUCT_NAME = "$(TARGET_NAME)";
				PUBLIC_HEADERS_FOLDER_PATH = "include/$(TARGET_NAME)";
				SKIP_INSTALL = YES;
			};
			name = Debug;
		};
		A3F918B314385900006D7F26 /* Release */ = {
			isa = XCBuildConfiguration;
			buildSettings = {
				CLANG_ENABLE_OBJC_ARC = YES;
				DSTROOT = /tmp/LLPopover.dst;
				GCC_PRECOMPILE_PREFIX_HEADER = YES;
				GCC_PREFIX_HEADER = Prefix.pch;
				OTHER_LDFLAGS = "-ObjC";
				PRODUCT_NAME = "$(TARGET_NAME)";
				PUBLIC_HEADERS_FOLDER_PATH = "include/$(TARGET_NAME)";
				SKIP_INSTALL = YES;
			};
			name = Release;
		};
/* End XCBuildConfiguration section */

/* Begin XCConfigurationList section */
		7DCDB3AF15EB96E30050E9D5 /* Build configuration list for PBXNativeTarget "LLPopoverTest" */ = {
			isa = XCConfigurationList;
			buildConfigurations = (
				7DCDB3AD15EB96E30050E9D5 /* Debug */,
				7DCDB3AE15EB96E30050E9D5 /* Release */,
			);
			defaultConfigurationIsVisible = 0;
			defaultConfigurationName = Release;
		};
		A321BF18143DAD41008EF3A2 /* Build configuration list for PBXAggregateTarget "GenDocs" */ = {
			isa = XCConfigurationList;
			buildConfigurations = (
				A321BF19143DAD41008EF3A2 /* Debug */,
				A321BF1A143DAD41008EF3A2 /* Release */,
			);
			defaultConfigurationIsVisible = 0;
			defaultConfigurationName = Release;
		};
		A3F9189E14385900006D7F26 /* Build configuration list for PBXProject "LLPopover" */ = {
			isa = XCConfigurationList;
			buildConfigurations = (
				A3F918AF14385900006D7F26 /* Debug */,
				A3F918B014385900006D7F26 /* Release */,
			);
			defaultConfigurationIsVisible = 0;
			defaultConfigurationName = Release;
		};
		A3F918B114385900006D7F26 /* Build configuration list for PBXNativeTarget "LLPopover" */ = {
			isa = XCConfigurationList;
			buildConfigurations = (
				A3F918B214385900006D7F26 /* Debug */,
				A3F918B314385900006D7F26 /* Release */,
			);
			defaultConfigurationIsVisible = 0;
			defaultConfigurationName = Release;
		};
/* End XCConfigurationList section */
	};
	rootObject = A3F9189B14385900006D7F26 /* Project object */;
}
